
Microsoft Visual Studio Solution File, Format Version 12.00
# Visual Studio Version 16
VisualStudioVersion = 16.0.31321.278
MinimumVisualStudioVersion = 10.0.40219.1
Project("{FAE04EC0-301F-11D3-BF4B-00C04F79EFBC}") = "UserDirectoryApp.Core", "UserDirectoryApp.Core\UserDirectoryApp.Core.csproj", "{A3D13E40-60E4-49E0-8CDC-1703E2C28B3B}"
EndProject
Project("{FAE04EC0-301F-11D3-BF4B-00C04F79EFBC}") = "UserDirectoryApp.Data", "UserDirectoryApp.Data\UserDirectoryApp.Data.csproj", "{C080F754-4816-4541-BC4E-8EF75E1E43F8}"
EndProject
Project("{FAE04EC0-301F-11D3-BF4B-00C04F79EFBC}") = "UserDirectoryApp.Service", "UserDirectoryApp.Service\UserDirectoryApp.Service.csproj", "{64429214-E983-4E35-8F27-CDBE203B6E05}"
EndProject
Project("{FAE04EC0-301F-11D3-BF4B-00C04F79EFBC}") = "UserDirectoryApp.Web", "UserDirectoryApp.Web\UserDirectoryApp.Web.csproj", "{3AA59B1B-7D82-42D8-9C31-FC9269755577}"
EndProject
Global
	GlobalSection(SolutionConfigurationPlatforms) = preSolution
		Debug|Any CPU = Debug|Any CPU
		Release|Any CPU = Release|Any CPU
	EndGlobalSection
	GlobalSection(ProjectConfigurationPlatforms) = postSolution
		{A3D13E40-60E4-49E0-8CDC-1703E2C28B3B}.Debug|Any CPU.ActiveCfg = Debug|Any CPU
		{A3D13E40-60E4-49E0-8CDC-1703E2C28B3B}.Debug|Any CPU.Build.0 = Debug|Any CPU
		{A3D13E40-60E4-49E0-8CDC-1703E2C28B3B}.Release|Any CPU.ActiveCfg = Release|Any CPU
		{A3D13E40-60E4-49E0-8CDC-1703E2C28B3B}.Release|Any CPU.Build.0 = Release|Any CPU
		{C080F754-4816-4541-BC4E-8EF75E1E43F8}.Debug|Any CPU.ActiveCfg = Debug|Any CPU
		{C080F754-4816-4541-BC4E-8EF75E1E43F8}.Debug|Any CPU.Build.0 = Debug|Any CPU
		{C080F754-4816-4541-BC4E-8EF75E1E43F8}.Release|Any CPU.ActiveCfg = Release|Any CPU
		{C080F754-4816-4541-BC4E-8EF75E1E43F8}.Release|Any CPU.Build.0 = Release|Any CPU
		{64429214-E983-4E35-8F27-CDBE203B6E05}.Debug|Any CPU.ActiveCfg = Debug|Any CPU
		{64429214-E983-4E35-8F27-CDBE203B6E05}.Debug|Any CPU.Build.0 = Debug|Any CPU
		{64429214-E983-4E35-8F27-CDBE203B6E05}.Release|Any CPU.ActiveCfg = Release|Any CPU
		{64429214-E983-4E35-8F27-CDBE203B6E05}.Release|Any CPU.Build.0 = Release|Any CPU
		{3AA59B1B-7D82-42D8-9C31-FC9269755577}.Debug|Any CPU.ActiveCfg = Debug|Any CPU
		{3AA59B1B-7D82-42D8-9C31-FC9269755577}.Debug|Any CPU.Build.0 = Debug|Any CPU
		{3AA59B1B-7D82-42D8-9C31-FC9269755577}.Release|Any CPU.ActiveCfg = Release|Any CPU
		{3AA59B1B-7D82-42D8-9C31-FC9269755577}.Release|Any CPU.Build.0 = Release|Any CPU
	EndGlobalSection
	GlobalSection(SolutionProperties) = preSolution
		HideSolutionNode = FALSE
	EndGlobalSection
	GlobalSection(ExtensibilityGlobals) = postSolution
		SolutionGuid = {1DC05A2D-0CFE-4ED8-AED6-9F4A184CF823}
	EndGlobalSection
EndGlobal
